{
  "pins" : [
    {
      "identity" : "ditranquillity",
      "kind" : "remoteSourceControl",
      "location" : "https://github.com/ivlevAstef/DITranquillity",
      "state" : {
        "branch" : "master",
        "revision" : "ddd7613702075152c15bd8345307834ad9f10786"
      }
    },
    {
      "identity" : "iqkeyboardmanager",
      "kind" : "remoteSourceControl",
      "location" : "https://github.com/hackiftekhar/IQKeyboardManager",
      "state" : {
        "revision" : "aa656e1f0d95f0154622f453599318602848be3b",
        "version" : "7.0.1"
      }
    },
    {
      "identity" : "keychain-swift",
      "kind" : "remoteSourceControl",
      "location" : "https://github.com/evgenyneu/keychain-swift.git",
      "state" : {
        "revision" : "265806607b45687a3d646e4c9837c31c90f202e8",
        "version" : "21.0.0"
      }
    },
    {
      "identity" : "rxswift",
      "kind" : "remoteSourceControl",
      "location" : "https://github.com/ReactiveX/RxSwift",
      "state" : {
        "revision" : "9dcaa4b333db437b0fbfaf453fad29069044a8b4",
        "version" : "6.6.0"
      }
    },
    {
      "identity" : "snapkit",
      "kind" : "remoteSourceControl",
      "location" : "https://github.com/SnapKit/SnapKit",
      "state" : {
        "revision" : "2842e6e84e82eb9a8dac0100ca90d9444b0307f4",
        "version" : "5.7.1"
      }
    },
    {
      "identity" : "swiftlazy",
      "kind" : "remoteSourceControl",
      "location" : "https://github.com/ivlevAstef/SwiftLazy.git",
      "state" : {
        "revision" : "49a47304bb06643fa22d981b6b8301acc5bcb366",
        "version" : "1.2.0"
      }
    }
  ],
  "version" : 2
}
